
Microsoft Visual Studio Solution File, Format Version 12.00
# Visual Studio 2012
Project("{FAE04EC0-301F-11D3-BF4B-00C04F79EFBC}") = "BDPointiOSXamarinDemo", "BDPointiOSXamarinDemo.csproj", "{B32A2B80-BE9F-4559-90B6-1228CA2B9C20}"
EndProject
Global
	GlobalSection(SolutionConfigurationPlatforms) = preSolution
		Debug|iPhoneSimulator = Debug|iPhoneSimulator
		Release|iPhone = Release|iPhone
		Release|iPhoneSimulator = Release|iPhoneSimulator
		Debug|iPhone = Debug|iPhone
	EndGlobalSection
	GlobalSection(ProjectConfigurationPlatforms) = postSolution
		{B32A2B80-BE9F-4559-90B6-1228CA2B9C20}.Debug|iPhoneSimulator.ActiveCfg = Debug|iPhoneSimulator
		{B32A2B80-BE9F-4559-90B6-1228CA2B9C20}.Debug|iPhoneSimulator.Build.0 = Debug|iPhoneSimulator
		{B32A2B80-BE9F-4559-90B6-1228CA2B9C20}.Release|iPhone.ActiveCfg = Release|iPhone
		{B32A2B80-BE9F-4559-90B6-1228CA2B9C20}.Release|iPhone.Build.0 = Release|iPhone
		{B32A2B80-BE9F-4559-90B6-1228CA2B9C20}.Release|iPhoneSimulator.ActiveCfg = Release|iPhoneSimulator
		{B32A2B80-BE9F-4559-90B6-1228CA2B9C20}.Release|iPhoneSimulator.Build.0 = Release|iPhoneSimulator
		{B32A2B80-BE9F-4559-90B6-1228CA2B9C20}.Debug|iPhone.ActiveCfg = Debug|iPhone
		{B32A2B80-BE9F-4559-90B6-1228CA2B9C20}.Debug|iPhone.Build.0 = Debug|iPhone
	EndGlobalSection
EndGlobal
